
Microsoft Visual Studio Solution File, Format Version 12.00
# Visual Studio Version 17
VisualStudioVersion = 17.5.33627.172
MinimumVisualStudioVersion = 10.0.40219.1
Project("{FAE04EC0-301F-11D3-BF4B-00C04F79EFBC}") = "Project4CheckLeapYear", "Project4CheckLeapYear\Project4CheckLeapYear.csproj", "{BA0328C8-A3BF-43CE-88D8-2252B88D93D6}"
EndProject
Project("{FAE04EC0-301F-11D3-BF4B-00C04F79EFBC}") = "CheckLeapYearUnitTests", "CheckLeapYearUnitTests\CheckLeapYearUnitTests.csproj", "{76E55299-C35B-4A1C-AE56-D5F21D6E8812}"
EndProject
Global
	GlobalSection(SolutionConfigurationPlatforms) = preSolution
		Debug|Any CPU = Debug|Any CPU
		Release|Any CPU = Release|Any CPU
	EndGlobalSection
	GlobalSection(ProjectConfigurationPlatforms) = postSolution
		{BA0328C8-A3BF-43CE-88D8-2252B88D93D6}.Debug|Any CPU.ActiveCfg = Debug|Any CPU
		{BA0328C8-A3BF-43CE-88D8-2252B88D93D6}.Debug|Any CPU.Build.0 = Debug|Any CPU
		{BA0328C8-A3BF-43CE-88D8-2252B88D93D6}.Release|Any CPU.ActiveCfg = Release|Any CPU
		{BA0328C8-A3BF-43CE-88D8-2252B88D93D6}.Release|Any CPU.Build.0 = Release|Any CPU
		{76E55299-C35B-4A1C-AE56-D5F21D6E8812}.Debug|Any CPU.ActiveCfg = Debug|Any CPU
		{76E55299-C35B-4A1C-AE56-D5F21D6E8812}.Debug|Any CPU.Build.0 = Debug|Any CPU
		{76E55299-C35B-4A1C-AE56-D5F21D6E8812}.Release|Any CPU.ActiveCfg = Release|Any CPU
		{76E55299-C35B-4A1C-AE56-D5F21D6E8812}.Release|Any CPU.Build.0 = Release|Any CPU
	EndGlobalSection
	GlobalSection(SolutionProperties) = preSolution
		HideSolutionNode = FALSE
	EndGlobalSection
	GlobalSection(ExtensibilityGlobals) = postSolution
		SolutionGuid = {EA6753B4-2349-4A33-8D34-A71ED3551D68}
	EndGlobalSection
EndGlobal
